
Microsoft Visual Studio Solution File, Format Version 12.00
# Visual Studio Version 17
VisualStudioVersion = 17.7.34031.279
MinimumVisualStudioVersion = 10.0.40219.1
Project("{FAE04EC0-301F-11D3-BF4B-00C04F79EFBC}") = "gng-sales-v1.5", "gng-sales-v1.5\gng-sales-v1.5.csproj", "{223DBF61-EB4C-4FF1-B8C9-F99D02F5B970}"
EndProject
Project("{FAE04EC0-301F-11D3-BF4B-00C04F79EFBC}") = "Data.Leyer", "Data.Leyer\Data.Leyer.csproj", "{F59CA9BE-1C73-4173-A4AC-777C8869EDB2}"
EndProject
Project("{FAE04EC0-301F-11D3-BF4B-00C04F79EFBC}") = "Services.Leyer", "Services.Leyer\Services.Leyer.csproj", "{ADF79540-2343-428F-9D2C-F41E97C65FB2}"
EndProject
Global
	GlobalSection(SolutionConfigurationPlatforms) = preSolution
		Debug|Any CPU = Debug|Any CPU
		Release|Any CPU = Release|Any CPU
	EndGlobalSection
	GlobalSection(ProjectConfigurationPlatforms) = postSolution
		{223DBF61-EB4C-4FF1-B8C9-F99D02F5B970}.Debug|Any CPU.ActiveCfg = Debug|Any CPU
		{223DBF61-EB4C-4FF1-B8C9-F99D02F5B970}.Debug|Any CPU.Build.0 = Debug|Any CPU
		{223DBF61-EB4C-4FF1-B8C9-F99D02F5B970}.Release|Any CPU.ActiveCfg = Release|Any CPU
		{223DBF61-EB4C-4FF1-B8C9-F99D02F5B970}.Release|Any CPU.Build.0 = Release|Any CPU
		{F59CA9BE-1C73-4173-A4AC-777C8869EDB2}.Debug|Any CPU.ActiveCfg = Debug|Any CPU
		{F59CA9BE-1C73-4173-A4AC-777C8869EDB2}.Debug|Any CPU.Build.0 = Debug|Any CPU
		{F59CA9BE-1C73-4173-A4AC-777C8869EDB2}.Release|Any CPU.ActiveCfg = Release|Any CPU
		{F59CA9BE-1C73-4173-A4AC-777C8869EDB2}.Release|Any CPU.Build.0 = Release|Any CPU
		{ADF79540-2343-428F-9D2C-F41E97C65FB2}.Debug|Any CPU.ActiveCfg = Debug|Any CPU
		{ADF79540-2343-428F-9D2C-F41E97C65FB2}.Debug|Any CPU.Build.0 = Debug|Any CPU
		{ADF79540-2343-428F-9D2C-F41E97C65FB2}.Release|Any CPU.ActiveCfg = Release|Any CPU
		{ADF79540-2343-428F-9D2C-F41E97C65FB2}.Release|Any CPU.Build.0 = Release|Any CPU
	EndGlobalSection
	GlobalSection(SolutionProperties) = preSolution
		HideSolutionNode = FALSE
	EndGlobalSection
	GlobalSection(ExtensibilityGlobals) = postSolution
		SolutionGuid = {34FC6AE1-93CE-4057-8722-E3A7B2F0DC38}
	EndGlobalSection
EndGlobal
